// !$*UTF8*$!
{
	archiveVersion = 1;
	classes = {
	};
	objectVersion = 77;
	objects = {

/* Begin PBXBuildFile section */
		44DD8D29D261BC997E249A65 /* Assets.xcassets in Resources */ = {isa = PBXBuildFile; fileRef = 458E9DC15650AE688C66FCF9 /* Assets.xcassets */; };
		4CE1FBD960BA40353AD0CEEC /* words.json in Resources */ = {isa = PBXBuildFile; fileRef = B3D958D91EA18534BAE654AF /* words.json */; };
		6B56876E9F944523F9397ED7 /* WordStore.swift in Sources */ = {isa = PBXBuildFile; fileRef = 65F6B2A26A8725859881EA95 /* WordStore.swift */; };
		AB69967D905EF36765098422 /* TOEICAppApp.swift in Sources */ = {isa = PBXBuildFile; fileRef = D613D7FAD9DF6EC5FE09D5E6 /* TOEICAppApp.swift */; };
		B4F5F1F890BEB4C7F3AAF999 /* ContentView.swift in Sources */ = {isa = PBXBuildFile; fileRef = E770BC6AF499F0567D5E621C /* ContentView.swift */; };
		EEE48A41A44A03CA1736D4A1 /* Word.swift in Sources */ = {isa = PBXBuildFile; fileRef = 19D3D2868B78BED02BE4C0D9 /* Word.swift */; };
		FEB6D2302D4B6E758DA3BF4F /* FlashCardView.swift in Sources */ = {isa = PBXBuildFile; fileRef = C3F8869158451A0E54B388E7 /* FlashCardView.swift */; };
		A1B2C3D4E5F60718293A4B5C /* QuizView.swift in Sources */ = {isa = PBXBuildFile; fileRef = 5C4B3A291807F6E5D4C3B2A1 /* QuizView.swift */; };
/* End PBXBuildFile section */

/* Begin PBXFileReference section */
		19D3D2868B78BED02BE4C0D9 /* Word.swift */ = {isa = PBXFileReference; lastKnownFileType = sourcecode.swift; path = Word.swift; sourceTree = "<group>"; };
		2271F5235EB3E51818F34C93 /* TOEICApp.app */ = {isa = PBXFileReference; explicitFileType = wrapper.application; includeInIndex = 0; path = TOEICApp.app; sourceTree = BUILT_PRODUCTS_DIR; };
		358EE7B72F79837C00EA5F79 /* TOEICApp.entitlements */ = {isa = PBXFileReference; lastKnownFileType = text.plist.entitlements; path = TOEICApp.entitlements; sourceTree = "<group>"; };
		458E9DC15650AE688C66FCF9 /* Assets.xcassets */ = {isa = PBXFileReference; lastKnownFileType = folder.assetcatalog; path = Assets.xcassets; sourceTree = "<group>"; };
		65F6B2A26A8725859881EA95 /* WordStore.swift */ = {isa = PBXFileReference; lastKnownFileType = sourcecode.swift; path = WordStore.swift; sourceTree = "<group>"; };
		B3D958D91EA18534BAE654AF /* words.json */ = {isa = PBXFileReference; lastKnownFileType = text.json; path = words.json; sourceTree = "<group>"; };
		C3F8869158451A0E54B388E7 /* FlashCardView.swift */ = {isa = PBXFileReference; lastKnownFileType = sourcecode.swift; path = FlashCardView.swift; sourceTree = "<group>"; };
		5C4B3A291807F6E5D4C3B2A1 /* QuizView.swift */ = {isa = PBXFileReference; lastKnownFileType = sourcecode.swift; path = QuizView.swift; sourceTree = "<group>"; };
		D613D7FAD9DF6EC5FE09D5E6 /* TOEICAppApp.swift */ = {isa = PBXFileReference; lastKnownFileType = sourcecode.swift; path = TOEICAppApp.swift; sourceTree = "<group>"; };
		E770BC6AF499F0567D5E621C /* ContentView.swift */ = {isa = PBXFileReference; lastKnownFileType = sourcecode.swift; path = ContentView.swift; sourceTree = "<group>"; };
/* End PBXFileReference section */

/* Begin PBXGroup section */
		7D7619C03667A284894AFCE6 /* Products */ = {
			isa = PBXGroup;
			children = (
				2271F5235EB3E51818F34C93 /* TOEICApp.app */,
			);
			name = Products;
			sourceTree = "<group>";
		};
		E027118D0B8C030CCB1E987E /* TOEICApp */ = {
			isa = PBXGroup;
			children = (
				358EE7B72F79837C00EA5F79 /* TOEICApp.entitlements */,
				458E9DC15650AE688C66FCF9 /* Assets.xcassets */,
				E770BC6AF499F0567D5E621C /* ContentView.swift */,
				C3F8869158451A0E54B388E7 /* FlashCardView.swift */,
				5C4B3A291807F6E5D4C3B2A1 /* QuizView.swift */,
				D613D7FAD9DF6EC5FE09D5E6 /* TOEICAppApp.swift */,
				19D3D2868B78BED02BE4C0D9 /* Word.swift */,
				B3D958D91EA18534BAE654AF /* words.json */,
				65F6B2A26A8725859881EA95 /* WordStore.swift */,
			);
			path = TOEICApp;
			sourceTree = "<group>";
		};
		FE400677E4F5BE98A887FA9F = {
			isa = PBXGroup;
			children = (
				E027118D0B8C030CCB1E987E /* TOEICApp */,
				7D7619C03667A284894AFCE6 /* Products */,
			);
			sourceTree = "<group>";
		};
/* End PBXGroup section */

/* Begin PBXNativeTarget section */
		117161FA95703EA39B72E721 /* TOEICApp */ = {
			isa = PBXNativeTarget;
			buildConfigurationList = 2EC76896BF290CFEB2142956 /* Build configuration list for PBXNativeTarget "TOEICApp" */;
			buildPhases = (
				7BC1B604ECF9F350F77F285D /* Sources */,
				375DC7E6D683EBFB4C3C39BF /* Resources */,
			);
			buildRules = (
			);
			dependencies = (
			);
			name = TOEICApp;
			packageProductDependencies = (
			);
			productName = TOEICApp;
			productReference = 2271F5235EB3E51818F34C93 /* TOEICApp.app */;
			productType = "com.apple.product-type.application";
		};
/* End PBXNativeTarget section */

/* Begin PBXProject section */
		D087D2B008544191FF0BEFEC /* Project object */ = {
			isa = PBXProject;
			attributes = {
				BuildIndependentTargetsInParallel = YES;
				LastUpgradeCheck = 1500;
			};
			buildConfigurationList = C7F02CDA10B51B74CAC893F7 /* Build configuration list for PBXProject "TOEICApp" */;
			developmentRegion = en;
			hasScannedForEncodings = 0;
			knownRegions = (
				Base,
				en,
			);
			mainGroup = FE400677E4F5BE98A887FA9F;
			minimizedProjectReferenceProxies = 1;
			preferredProjectObjectVersion = 77;
			productRefGroup = 7D7619C03667A284894AFCE6 /* Products */;
			projectDirPath = "";
			projectRoot = "";
			targets = (
				117161FA95703EA39B72E721 /* TOEICApp */,
			);
		};
/* End PBXProject section */

/* Begin PBXResourcesBuildPhase section */
		375DC7E6D683EBFB4C3C39BF /* Resources */ = {
			isa = PBXResourcesBuildPhase;
			buildActionMask = 2147483647;
			files = (
				44DD8D29D261BC997E249A65 /* Assets.xcassets in Resources */,
				4CE1FBD960BA40353AD0CEEC /* words.json in Resources */,
			);
			runOnlyForDeploymentPostprocessing = 0;
		};
/* End PBXResourcesBuildPhase section */

/* Begin PBXSourcesBuildPhase section */
		7BC1B604ECF9F350F77F285D /* Sources */ = {
			isa = PBXSourcesBuildPhase;
			buildActionMask = 2147483647;
			files = (
				B4F5F1F890BEB4C7F3AAF999 /* ContentView.swift in Sources */,
				FEB6D2302D4B6E758DA3BF4F /* FlashCardView.swift in Sources */,
				A1B2C3D4E5F60718293A4B5C /* QuizView.swift in Sources */,
				AB69967D905EF36765098422 /* TOEICAppApp.swift in Sources */,
				EEE48A41A44A03CA1736D4A1 /* Word.swift in Sources */,
				6B56876E9F944523F9397ED7 /* WordStore.swift in Sources */,
			);
			runOnlyForDeploymentPostprocessing = 0;
		};
/* End PBXSourcesBuildPhase section */

/* Begin XCBuildConfiguration section */
		0F467BE6933BC3F86D6C72A7 /* Debug */ = {
			isa = XCBuildConfiguration;
			buildSettings = {
				ALWAYS_SEARCH_USER_PATHS = NO;
				CLANG_ANALYZER_NONNULL = YES;
				CLANG_ANALYZER_NUMBER_OBJECT_CONVERSION = YES_AGGRESSIVE;
				CLANG_CXX_LANGUAGE_STANDARD = "gnu++14";
				CLANG_CXX_LIBRARY = "libc++";
				CLANG_ENABLE_MODULES = YES;
				CLANG_ENABLE_OBJC_ARC = YES;
				CLANG_ENABLE_OBJC_WEAK = YES;
				CLANG_WARN_BLOCK_CAPTURE_AUTORELEASING = YES;
				CLANG_WARN_BOOL_CONVERSION = YES;
				CLANG_WARN_COMMA = YES;
				CLANG_WARN_CONSTANT_CONVERSION = YES;
				CLANG_WARN_DEPRECATED_OBJC_IMPLEMENTATIONS = YES;
				CLANG_WARN_DIRECT_OBJC_ISA_USAGE = YES_ERROR;
				CLANG_WARN_DOCUMENTATION_COMMENTS = YES;
				CLANG_WARN_EMPTY_BODY = YES;
				CLANG_WARN_ENUM_CONVERSION = YES;
				CLANG_WARN_INFINITE_RECURSION = YES;
				CLANG_WARN_INT_CONVERSION = YES;
				CLANG_WARN_NON_LITERAL_NULL_CONVERSION = YES;
				CLANG_WARN_OBJC_IMPLICIT_RETAIN_SELF = YES;
				CLANG_WARN_OBJC_LITERAL_CONVERSION = YES;
				CLANG_WARN_OBJC_ROOT_CLASS = YES_ERROR;
				CLANG_WARN_QUOTED_INCLUDE_IN_FRAMEWORK_HEADER = YES;
				CLANG_WARN_RANGE_LOOP_ANALYSIS = YES;
				CLANG_WARN_STRICT_PROTOTYPES = YES;
				CLANG_WARN_SUSPICIOUS_MOVE = YES;
				CLANG_WARN_UNGUARDED_AVAILABILITY = YES_AGGRESSIVE;
				CLANG_WARN_UNREACHABLE_CODE = YES;
				CLANG_WARN__DUPLICATE_METHOD_MATCH = YES;
				COPY_PHASE_STRIP = NO;
				DEBUG_INFORMATION_FORMAT = dwarf;
				ENABLE_STRICT_OBJC_MSGSEND = YES;
				ENABLE_TESTABILITY = YES;
				GCC_C_LANGUAGE_STANDARD = gnu11;
				GCC_DYNAMIC_NO_PIC = NO;
				GCC_NO_COMMON_BLOCKS = YES;
				GCC_OPTIMIZATION_LEVEL = 0;
				GCC_PREPROCESSOR_DEFINITIONS = (
					"$(inherited)",
					"DEBUG=1",
				);
				GCC_WARN_64_TO_32_BIT_CONVERSION = YES;
				GCC_WARN_ABOUT_RETURN_TYPE = YES_ERROR;
				GCC_WARN_UNDECLARED_SELECTOR = YES;
				GCC_WARN_UNINITIALIZED_AUTOS = YES_AGGRESSIVE;
				GCC_WARN_UNUSED_FUNCTION = YES;
				GCC_WARN_UNUSED_VARIABLE = YES;
				IPHONEOS_DEPLOYMENT_TARGET = 17.0;
				MTL_ENABLE_DEBUG_INFO = INCLUDE_SOURCE;
				MTL_FAST_MATH = YES;
				ONLY_ACTIVE_ARCH = YES;
				PRODUCT_NAME = "$(TARGET_NAME)";
				SDKROOT = iphoneos;
				SWIFT_ACTIVE_COMPILATION_CONDITIONS = DEBUG;
				SWIFT_OPTIMIZATION_LEVEL = "-Onone";
				SWIFT_VERSION = 5.0;
			};
			name = Debug;
		};
		8087B8D8370686190F97B5B2 /* Release */ = {
			isa = XCBuildConfiguration;
			buildSettings = {
				ALWAYS_SEARCH_USER_PATHS = NO;
				CLANG_ANALYZER_NONNULL = YES;
				CLANG_ANALYZER_NUMBER_OBJECT_CONVERSION = YES_AGGRESSIVE;
				CLANG_CXX_LANGUAGE_STANDARD = "gnu++14";
				CLANG_CXX_LIBRARY = "libc++";
				CLANG_ENABLE_MODULES = YES;
				CLANG_ENABLE_OBJC_ARC = YES;
				CLANG_ENABLE_OBJC_WEAK = YES;
				CLANG_WARN_BLOCK_CAPTURE_AUTORELEASING = YES;
				CLANG_WARN_BOOL_CONVERSION = YES;
				CLANG_WARN_COMMA = YES;
				CLANG_WARN_CONSTANT_CONVERSION = YES;
				CLANG_WARN_DEPRECATED_OBJC_IMPLEMENTATIONS = YES;
				CLANG_WARN_DIRECT_OBJC_ISA_USAGE = YES_ERROR;
				CLANG_WARN_DOCUMENTATION_COMMENTS = YES;
				CLANG_WARN_EMPTY_BODY = YES;
				CLANG_WARN_ENUM_CONVERSION = YES;
				CLANG_WARN_INFINITE_RECURSION = YES;
				CLANG_WARN_INT_CONVERSION = YES;
				CLANG_WARN_NON_LITERAL_NULL_CONVERSION = YES;
				CLANG_WARN_OBJC_IMPLICIT_RETAIN_SELF = YES;
				CLANG_WARN_OBJC_LITERAL_CONVERSION = YES;
				CLANG_WARN_OBJC_ROOT_CLASS = YES_ERROR;
				CLANG_WARN_QUOTED_INCLUDE_IN_FRAMEWORK_HEADER = YES;
				CLANG_WARN_RANGE_LOOP_ANALYSIS = YES;
				CLANG_WARN_STRICT_PROTOTYPES = YES;
				CLANG_WARN_SUSPICIOUS_MOVE = YES;
				CLANG_WARN_UNGUARDED_AVAILABILITY = YES_AGGRESSIVE;
				CLANG_WARN_UNREACHABLE_CODE = YES;
				CLANG_WARN__DUPLICATE_METHOD_MATCH = YES;
				COPY_PHASE_STRIP = NO;
				DEBUG_INFORMATION_FORMAT = "dwarf-with-dsym";
				ENABLE_NS_ASSERTIONS = NO;
				ENABLE_STRICT_OBJC_MSGSEND = YES;
				GCC_C_LANGUAGE_STANDARD = gnu11;
				GCC_NO_COMMON_BLOCKS = YES;
				GCC_WARN_64_TO_32_BIT_CONVERSION = YES;
				GCC_WARN_ABOUT_RETURN_TYPE = YES_ERROR;
				GCC_WARN_UNDECLARED_SELECTOR = YES;
				GCC_WARN_UNINITIALIZED_AUTOS = YES_AGGRESSIVE;
				GCC_WARN_UNUSED_FUNCTION = YES;
				GCC_WARN_UNUSED_VARIABLE = YES;
				IPHONEOS_DEPLOYMENT_TARGET = 17.0;
				MTL_ENABLE_DEBUG_INFO = NO;
				MTL_FAST_MATH = YES;
				PRODUCT_NAME = "$(TARGET_NAME)";
				SDKROOT = iphoneos;
				SWIFT_COMPILATION_MODE = wholemodule;
				SWIFT_OPTIMIZATION_LEVEL = "-O";
				SWIFT_VERSION = 5.0;
			};
			name = Release;
		};
		97F12C674696E9EA11E1BA61 /* Release */ = {
			isa = XCBuildConfiguration;
			buildSettings = {
				ASSETCATALOG_COMPILER_APPICON_NAME = AppIcon;
				CODE_SIGN_ENTITLEMENTS = TOEICApp/TOEICApp.entitlements;
				CODE_SIGN_IDENTITY = "iPhone Developer";
				CURRENT_PROJECT_VERSION = 1;
				DEVELOPMENT_TEAM = 4M5CZYQR97;
				GENERATE_INFOPLIST_FILE = YES;
				INFOPLIST_FILE = "";
				IPHONEOS_DEPLOYMENT_TARGET = 17.0;
				LD_RUNPATH_SEARCH_PATHS = (
					"$(inherited)",
					"@executable_path/Frameworks",
				);
				MARKETING_VERSION = 1.0;
				PRODUCT_BUNDLE_IDENTIFIER = com.example.TOEICApp;
				SDKROOT = iphoneos;
				SWIFT_VERSION = 5.9;
				TARGETED_DEVICE_FAMILY = "1,2";
			};
			name = Release;
		};
		E89EE9C70181E52A9F697624 /* Debug */ = {
			isa = XCBuildConfiguration;
			buildSettings = {
				ASSETCATALOG_COMPILER_APPICON_NAME = AppIcon;
				CODE_SIGN_ENTITLEMENTS = TOEICApp/TOEICApp.entitlements;
				CODE_SIGN_IDENTITY = "iPhone Developer";
				CURRENT_PROJECT_VERSION = 1;
				DEVELOPMENT_TEAM = 4M5CZYQR97;
				GENERATE_INFOPLIST_FILE = YES;
				INFOPLIST_FILE = "";
				IPHONEOS_DEPLOYMENT_TARGET = 17.0;
				LD_RUNPATH_SEARCH_PATHS = (
					"$(inherited)",
					"@executable_path/Frameworks",
				);
				MARKETING_VERSION = 1.0;
				PRODUCT_BUNDLE_IDENTIFIER = com.example.TOEICApp;
				SDKROOT = iphoneos;
				SWIFT_VERSION = 5.9;
				TARGETED_DEVICE_FAMILY = "1,2";
			};
			name = Debug;
		};
/* End XCBuildConfiguration section */

/* Begin XCConfigurationList section */
		2EC76896BF290CFEB2142956 /* Build configuration list for PBXNativeTarget "TOEICApp" */ = {
			isa = XCConfigurationList;
			buildConfigurations = (
				E89EE9C70181E52A9F697624 /* Debug */,
				97F12C674696E9EA11E1BA61 /* Release */,
			);
			defaultConfigurationIsVisible = 0;
			defaultConfigurationName = Debug;
		};
		C7F02CDA10B51B74CAC893F7 /* Build configuration list for PBXProject "TOEICApp" */ = {
			isa = XCConfigurationList;
			buildConfigurations = (
				0F467BE6933BC3F86D6C72A7 /* Debug */,
				8087B8D8370686190F97B5B2 /* Release */,
			);
			defaultConfigurationIsVisible = 0;
			defaultConfigurationName = Debug;
		};
/* End XCConfigurationList section */
	};
	rootObject = D087D2B008544191FF0BEFEC /* Project object */;
}
